<?xml version="1.0" encoding="utf-8"?>
<Project ToolsVersion="4.0" xmlns="http://schemas.microsoft.com/developer/msbuild/2003">
  <ItemGroup>
    <Filter Include="Source">
      <UniqueIdentifier>{89afb074-76cc-453c-b30d-480e7cf5135d}</UniqueIdentifier>
    </Filter>
    <Filter Include="Game">
      <UniqueIdentifier>{fceeba49-0112-4498-ac3e-0116dd27e2bc}</UniqueIdentifier>
    </Filter>
    <Filter Include="Title">
      <UniqueIdentifier>{d72f4651-96c1-45e1-9a55-d9e0ef337196}</UniqueIdentifier>
    </Filter>
    <Filter Include="Game\AnimationEvent">
      <UniqueIdentifier>{611bfe09-697b-4a80-9bec-4b048f5ddfed}</UniqueIdentifier>
    </Filter>
    <Filter Include="Game\Enemy">
      <UniqueIdentifier>{5a313594-8eb3-45ae-9833-8519b77b1c24}</UniqueIdentifier>
    </Filter>
    <Filter Include="Game\Item">
      <UniqueIdentifier>{415084f1-5f1f-4776-a2c9-b72bce07de3c}</UniqueIdentifier>
    </Filter>
    <Filter Include="Game\GUI">
      <UniqueIdentifier>{cf63d552-5f80-4528-8aa2-e5e015a8447f}</UniqueIdentifier>
    </Filter>
    <Filter Include="Game\HUD">
      <UniqueIdentifier>{8a449b9a-c1a4-4573-be7e-f62984b0ec87}</UniqueIdentifier>
    </Filter>
    <Filter Include="Game\Player">
      <UniqueIdentifier>{261e9010-d53c-4392-b259-122fb585e412}</UniqueIdentifier>
    </Filter>
    <Filter Include="Game\Map">
      <UniqueIdentifier>{625c818f-c2b8-4684-92ff-8c72b944e2a5}</UniqueIdentifier>
    </Filter>
    <Filter Include="Title\HUD">
      <UniqueIdentifier>{50c2698e-2732-4b97-ae3f-2ce0c2654163}</UniqueIdentifier>
    </Filter>
    <Filter Include="Test">
      <UniqueIdentifier>{aac1659e-adef-4e6e-8651-d218e389f2b5}</UniqueIdentifier>
    </Filter>
    <Filter Include="Test\MenuWindow">
      <UniqueIdentifier>{0231c762-bc06-41e7-8fe6-727ac1b9aa88}</UniqueIdentifier>
    </Filter>
    <Filter Include="Game\Player\Equipment">
      <UniqueIdentifier>{14bacb0c-d6bc-4c9d-b092-af00d0a9d4bd}</UniqueIdentifier>
    </Filter>
    <Filter Include="Test\MenuWindow\Inventory">
      <UniqueIdentifier>{8af18f1b-bf8a-4418-85a9-013acc9cfa2e}</UniqueIdentifier>
    </Filter>
    <Filter Include="Test\Item">
      <UniqueIdentifier>{9d809983-a6a7-491d-badc-927fc8477948}</UniqueIdentifier>
    </Filter>
  </ItemGroup>
  <ItemGroup>
    <ClCompile Include="Main.cpp">
      <Filter>Source</Filter>
    </ClCompile>
    <ClCompile Include="stdafx.cpp">
      <Filter>Source</Filter>
    </ClCompile>
    <ClCompile Include="Source\Game\GameCamera.cpp">
      <Filter>Game</Filter>
    </ClCompile>
    <ClCompile Include="Source\Game\GameScene.cpp">
      <Filter>Game</Filter>
    </ClCompile>
    <ClCompile Include="Source\Title\TitleScene.cpp">
      <Filter>Title</Filter>
    </ClCompile>
    <ClCompile Include="Source\Title\GUI\TitleSystem.cpp">
      <Filter>Title</Filter>
    </ClCompile>
    <ClCompile Include="Source\Game\AnimationEvent\AnimationEventController.cpp">
      <Filter>Game\AnimationEvent</Filter>
    </ClCompile>
    <ClCompile Include="Source\Game\AnimationEvent\CollisionWorld.cpp">
      <Filter>Game\AnimationEvent</Filter>
    </ClCompile>
    <ClCompile Include="Source\Game\Item\Armor.cpp">
      <Filter>Game\Item</Filter>
    </ClCompile>
    <ClCompile Include="Source\Game\HUD\ExpGage.cpp">
      <Filter>Game\HUD</Filter>
    </ClCompile>
    <ClCompile Include="Source\Game\Monster\IMonster.cpp">
      <Filter>Game\Enemy</Filter>
    </ClCompile>
    <ClCompile Include="Source\Game\HUD\LifeGage.cpp">
      <Filter>Game\HUD</Filter>
    </ClCompile>
    <ClCompile Include="Source\Game\Map\Ground.cpp">
      <Filter>Game\Map</Filter>
    </ClCompile>
    <ClCompile Include="Source\Game\Map\MapChip.cpp">
      <Filter>Game\Map</Filter>
    </ClCompile>
    <ClCompile Include="Source\Game\Map\Skybox.cpp">
      <Filter>Game\Map</Filter>
    </ClCompile>
    <ClCompile Include="Source\Game\Item\IItem.cpp">
      <Filter>Game\Item</Filter>
    </ClCompile>
    <ClCompile Include="Source\Game\Item\ItemResource.cpp">
      <Filter>Game\Item</Filter>
    </ClCompile>
    <ClCompile Include="Source\Game\Item\Other.cpp">
      <Filter>Game\Item</Filter>
    </ClCompile>
    <ClCompile Include="Source\Game\Monster\Monster_01.cpp">
      <Filter>Game\Enemy</Filter>
    </ClCompile>
    <ClCompile Include="Source\Game\Monster\MonsterHabitat.cpp">
      <Filter>Game\Enemy</Filter>
    </ClCompile>
    <ClCompile Include="Source\Game\Player\Player.cpp">
      <Filter>Game\Player</Filter>
    </ClCompile>
    <ClCompile Include="Source\Game\GUI\DropItem.cpp">
      <Filter>Game\GUI</Filter>
    </ClCompile>
    <ClCompile Include="Source\Title\HUD\TitleBack.cpp">
      <Filter>Title\HUD</Filter>
    </ClCompile>
    <ClCompile Include="Source\Game\Item\WeaponItem.cpp">
      <Filter>Game\Item</Filter>
    </ClCompile>
    <ClCompile Include="Source\Test\TestScene.cpp">
      <Filter>Test</Filter>
    </ClCompile>
    <ClCompile Include="Source\Game\Player\Shield.cpp">
      <Filter>Game\Player\Equipment</Filter>
    </ClCompile>
    <ClCompile Include="Source\Game\Player\Weapon.cpp">
      <Filter>Game\Player\Equipment</Filter>
    </ClCompile>
    <ClCompile Include="Source\Test\MenuWindow\MenuSystem.cpp">
      <Filter>Test\MenuWindow</Filter>
    </ClCompile>
    <ClCompile Include="Source\Test\MenuWindow\MenuBar.cpp">
      <Filter>Test\MenuWindow</Filter>
    </ClCompile>
    <ClCompile Include="Source\Test\MenuWindow\IMenuWindow.cpp">
      <Filter>Test\MenuWindow</Filter>
    </ClCompile>
    <ClCompile Include="Source\Test\MenuWindow\Inventory\Inventory.cpp">
      <Filter>Test\MenuWindow\Inventory</Filter>
    </ClCompile>
    <ClCompile Include="Source\Test\Item\InventoryManager.cpp">
      <Filter>Test\Item</Filter>
    </ClCompile>
  </ItemGroup>
  <ItemGroup>
    <ClInclude Include="stdafx.h">
      <Filter>Source</Filter>
    </ClInclude>
    <ClInclude Include="Source\Game\GameCamera.h">
      <Filter>Game</Filter>
    </ClInclude>
    <ClInclude Include="Source\Game\GameScene.h">
      <Filter>Game</Filter>
    </ClInclude>
    <ClInclude Include="Source\Title\TitleScene.h">
      <Filter>Title</Filter>
    </ClInclude>
    <ClInclude Include="Source\Title\GUI\TitleSystem.h">
      <Filter>Title</Filter>
    </ClInclude>
    <ClInclude Include="Source\Game\AnimationEvent\AnimationEventMacro.h">
      <Filter>Game\AnimationEvent</Filter>
    </ClInclude>
    <ClInclude Include="Source\Game\AnimationEvent\AnimationEventController.h">
      <Filter>Game\AnimationEvent</Filter>
    </ClInclude>
    <ClInclude Include="Source\Game\AnimationEvent\CollisionWorld.h">
      <Filter>Game\AnimationEvent</Filter>
    </ClInclude>
    <ClInclude Include="Source\Game\Item\Armor.h">
      <Filter>Game\Item</Filter>
    </ClInclude>
    <ClInclude Include="Source\Game\HUD\ExpGage.h">
      <Filter>Game\HUD</Filter>
    </ClInclude>
    <ClInclude Include="Source\Game\Monster\IMonster.h">
      <Filter>Game\Enemy</Filter>
    </ClInclude>
    <ClInclude Include="Source\Game\HUD\LifeGage.h">
      <Filter>Game\HUD</Filter>
    </ClInclude>
    <ClInclude Include="Source\Game\Map\Ground.h">
      <Filter>Game\Map</Filter>
    </ClInclude>
    <ClInclude Include="Source\Game\Map\MapChip.h">
      <Filter>Game\Map</Filter>
    </ClInclude>
    <ClInclude Include="Source\Game\Map\Skybox.h">
      <Filter>Game\Map</Filter>
    </ClInclude>
    <ClInclude Include="Source\Game\Item\IItem.h">
      <Filter>Game\Item</Filter>
    </ClInclude>
    <ClInclude Include="Source\Game\Item\ItemResource.h">
      <Filter>Game\Item</Filter>
    </ClInclude>
    <ClInclude Include="Source\Game\Item\Other.h">
      <Filter>Game\Item</Filter>
    </ClInclude>
    <ClInclude Include="Source\Game\Monster\Monster_01.h">
      <Filter>Game\Enemy</Filter>
    </ClInclude>
    <ClInclude Include="Source\Game\Monster\MonsterHabitat.h">
      <Filter>Game\Enemy</Filter>
    </ClInclude>
    <ClInclude Include="Source\Game\Player\Player.h">
      <Filter>Game\Player</Filter>
    </ClInclude>
    <ClInclude Include="Source\Game\GUI\DropItem.h">
      <Filter>Game\GUI</Filter>
    </ClInclude>
    <ClInclude Include="Source\Title\HUD\TitleBack.h">
      <Filter>Title\HUD</Filter>
    </ClInclude>
    <ClInclude Include="Source\Game\Item\WeaponItem.h">
      <Filter>Game\Item</Filter>
    </ClInclude>
    <ClInclude Include="Source\Test\TestScene.h">
      <Filter>Test</Filter>
    </ClInclude>
    <ClInclude Include="Source\Game\Player\Shield.h">
      <Filter>Game\Player\Equipment</Filter>
    </ClInclude>
    <ClInclude Include="Source\Game\Player\Weapon.h">
      <Filter>Game\Player\Equipment</Filter>
    </ClInclude>
    <ClInclude Include="Source\Test\MenuWindow\MenuSystem.h">
      <Filter>Test\MenuWindow</Filter>
    </ClInclude>
    <ClInclude Include="Source\Test\MenuWindow\MenuBar.h">
      <Filter>Test\MenuWindow</Filter>
    </ClInclude>
    <ClInclude Include="Source\Test\MenuWindow\IMenuWindow.h">
      <Filter>Test\MenuWindow</Filter>
    </ClInclude>
    <ClInclude Include="Source\Test\MenuWindow\Inventory\Inventory.h">
      <Filter>Test\MenuWindow\Inventory</Filter>
    </ClInclude>
    <ClInclude Include="Source\Test\Item\InventoryManager.h">
      <Filter>Test\Item</Filter>
    </ClInclude>
  </ItemGroup>
</Project>