<?xml version="1.0" encoding="utf-8"?>
<Project ToolsVersion="4.0" xmlns="http://schemas.microsoft.com/developer/msbuild/2003">
  <ItemGroup>
    <Filter Include="Source">
      <UniqueIdentifier>{89afb074-76cc-453c-b30d-480e7cf5135d}</UniqueIdentifier>
    </Filter>
    <Filter Include="Game">
      <UniqueIdentifier>{fceeba49-0112-4498-ac3e-0116dd27e2bc}</UniqueIdentifier>
    </Filter>
    <Filter Include="Title">
      <UniqueIdentifier>{d72f4651-96c1-45e1-9a55-d9e0ef337196}</UniqueIdentifier>
    </Filter>
    <Filter Include="Game\AnimationEvent">
      <UniqueIdentifier>{611bfe09-697b-4a80-9bec-4b048f5ddfed}</UniqueIdentifier>
    </Filter>
    <Filter Include="Game\Enemy">
      <UniqueIdentifier>{5a313594-8eb3-45ae-9833-8519b77b1c24}</UniqueIdentifier>
    </Filter>
    <Filter Include="Game\Item">
      <UniqueIdentifier>{415084f1-5f1f-4776-a2c9-b72bce07de3c}</UniqueIdentifier>
    </Filter>
    <Filter Include="Game\HUD">
      <UniqueIdentifier>{8a449b9a-c1a4-4573-be7e-f62984b0ec87}</UniqueIdentifier>
    </Filter>
    <Filter Include="Game\Player">
      <UniqueIdentifier>{261e9010-d53c-4392-b259-122fb585e412}</UniqueIdentifier>
    </Filter>
    <Filter Include="Game\Map">
      <UniqueIdentifier>{625c818f-c2b8-4684-92ff-8c72b944e2a5}</UniqueIdentifier>
    </Filter>
    <Filter Include="Title\HUD">
      <UniqueIdentifier>{50c2698e-2732-4b97-ae3f-2ce0c2654163}</UniqueIdentifier>
    </Filter>
    <Filter Include="Game\Player\Equipment">
      <UniqueIdentifier>{14bacb0c-d6bc-4c9d-b092-af00d0a9d4bd}</UniqueIdentifier>
    </Filter>
    <Filter Include="Game\Item\ItemData">
      <UniqueIdentifier>{06c816fe-382f-4b85-a974-43b3e0428ce6}</UniqueIdentifier>
    </Filter>
    <Filter Include="Game\DropItem">
      <UniqueIdentifier>{824dfaf4-6f1e-4b46-9e3b-dbb7e359e1e4}</UniqueIdentifier>
    </Filter>
    <Filter Include="Game\Window">
      <UniqueIdentifier>{a538dd98-e02d-4019-b217-3d977fdba2a5}</UniqueIdentifier>
    </Filter>
    <Filter Include="Game\Window\MenuWindow">
      <UniqueIdentifier>{1fe8a98c-6836-4663-adb8-99c29985295d}</UniqueIdentifier>
    </Filter>
    <Filter Include="Game\Window\MenuWindow\Inventory">
      <UniqueIdentifier>{462c59db-9da5-4e56-ac5a-63781ca44605}</UniqueIdentifier>
    </Filter>
    <Filter Include="Game\Enemy\Spawn">
      <UniqueIdentifier>{1f75b18f-cb67-4cc4-a7f4-cc5ea17357f0}</UniqueIdentifier>
    </Filter>
    <Filter Include="Common">
      <UniqueIdentifier>{73afe6c3-b30a-4a5a-b0b2-a0cdfded21b8}</UniqueIdentifier>
    </Filter>
    <Filter Include="Common\SceneEfferct">
      <UniqueIdentifier>{ac31339e-8ce0-48da-91f5-6268026c9898}</UniqueIdentifier>
    </Filter>
    <Filter Include="Game\Boss">
      <UniqueIdentifier>{38865a8a-af2e-4408-9345-2c88a6482a04}</UniqueIdentifier>
    </Filter>
    <Filter Include="Game\Enemy\HFSM">
      <UniqueIdentifier>{9b9e9fde-6e42-473c-be27-64e60c02f0f2}</UniqueIdentifier>
    </Filter>
    <Filter Include="Game\Boss\Warlock">
      <UniqueIdentifier>{c2cae511-3345-49aa-9c9b-e5b48c4fd4d6}</UniqueIdentifier>
    </Filter>
    <Filter Include="Game\Boss\Warlock\HFSM">
      <UniqueIdentifier>{7949fdc9-ab60-43db-8954-97b00bab7ce2}</UniqueIdentifier>
    </Filter>
    <Filter Include="Common\SaveData">
      <UniqueIdentifier>{a08d6936-c80b-400e-9597-185076473bfe}</UniqueIdentifier>
    </Filter>
    <Filter Include="Title\GUI">
      <UniqueIdentifier>{04650173-e0de-449a-b8f5-f374ac7ad902}</UniqueIdentifier>
    </Filter>
    <Filter Include="Title\GUI\TitleSelect">
      <UniqueIdentifier>{2cc437f5-2310-49b8-9673-2147dcac3d03}</UniqueIdentifier>
    </Filter>
  </ItemGroup>
  <ItemGroup>
    <ClCompile Include="Main.cpp">
      <Filter>Source</Filter>
    </ClCompile>
    <ClCompile Include="stdafx.cpp">
      <Filter>Source</Filter>
    </ClCompile>
    <ClCompile Include="Source\Game\GameCamera.cpp">
      <Filter>Game</Filter>
    </ClCompile>
    <ClCompile Include="Source\Game\GameScene.cpp">
      <Filter>Game</Filter>
    </ClCompile>
    <ClCompile Include="Source\Title\TitleScene.cpp">
      <Filter>Title</Filter>
    </ClCompile>
    <ClCompile Include="Source\Game\AnimationEvent\AnimationEventController.cpp">
      <Filter>Game\AnimationEvent</Filter>
    </ClCompile>
    <ClCompile Include="Source\Game\AnimationEvent\CollisionWorld.cpp">
      <Filter>Game\AnimationEvent</Filter>
    </ClCompile>
    <ClCompile Include="Source\Game\HUD\ExpGage.cpp">
      <Filter>Game\HUD</Filter>
    </ClCompile>
    <ClCompile Include="Source\Game\HUD\LifeGage.cpp">
      <Filter>Game\HUD</Filter>
    </ClCompile>
    <ClCompile Include="Source\Game\Map\Ground.cpp">
      <Filter>Game\Map</Filter>
    </ClCompile>
    <ClCompile Include="Source\Game\Map\MapChip.cpp">
      <Filter>Game\Map</Filter>
    </ClCompile>
    <ClCompile Include="Source\Game\Map\Skybox.cpp">
      <Filter>Game\Map</Filter>
    </ClCompile>
    <ClCompile Include="Source\Game\Player\Player.cpp">
      <Filter>Game\Player</Filter>
    </ClCompile>
    <ClCompile Include="Source\Title\HUD\TitleBack.cpp">
      <Filter>Title\HUD</Filter>
    </ClCompile>
    <ClCompile Include="Source\Game\Item\ItemData\AccessoryItemData.cpp">
      <Filter>Game\Item\ItemData</Filter>
    </ClCompile>
    <ClCompile Include="Source\Game\Item\ItemData\ArmorItemData.cpp">
      <Filter>Game\Item\ItemData</Filter>
    </ClCompile>
    <ClCompile Include="Source\Game\Item\ItemData\ShieldItemData.cpp">
      <Filter>Game\Item\ItemData</Filter>
    </ClCompile>
    <ClCompile Include="Source\Game\Item\EquipmentItem.cpp">
      <Filter>Game\Item</Filter>
    </ClCompile>
    <ClCompile Include="Source\Game\Item\InventoryManager.cpp">
      <Filter>Game\Item</Filter>
    </ClCompile>
    <ClCompile Include="Source\Game\Player\PlayerEquipment.cpp">
      <Filter>Game\Player</Filter>
    </ClCompile>
    <ClCompile Include="Source\Game\Player\EquipmentShield.cpp">
      <Filter>Game\Player\Equipment</Filter>
    </ClCompile>
    <ClCompile Include="Source\Game\Player\EquipmentWeapon.cpp">
      <Filter>Game\Player\Equipment</Filter>
    </ClCompile>
    <ClCompile Include="Source\Game\DropItem\DropItem.cpp">
      <Filter>Game\DropItem</Filter>
    </ClCompile>
    <ClCompile Include="Source\Game\Window\MenuWindow\IMenuWindow.cpp">
      <Filter>Game\Window\MenuWindow</Filter>
    </ClCompile>
    <ClCompile Include="Source\Game\Window\MenuWindow\MenuBar.cpp">
      <Filter>Game\Window\MenuWindow</Filter>
    </ClCompile>
    <ClCompile Include="Source\Game\Window\MenuWindow\MenuSystem.cpp">
      <Filter>Game\Window\MenuWindow</Filter>
    </ClCompile>
    <ClCompile Include="Source\Game\Window\MenuWindow\Inventory\ItemDetailRender.cpp">
      <Filter>Game\Window\MenuWindow\Inventory</Filter>
    </ClCompile>
    <ClCompile Include="Source\Game\Window\MenuWindow\Inventory\EquipmentDetailRender.cpp">
      <Filter>Game\Window\MenuWindow\Inventory</Filter>
    </ClCompile>
    <ClCompile Include="Source\Game\Window\MenuWindow\Inventory\Inventory.cpp">
      <Filter>Game\Window\MenuWindow\Inventory</Filter>
    </ClCompile>
    <ClCompile Include="Source\Game\DropItem\DropItemManager.cpp">
      <Filter>Game\DropItem</Filter>
    </ClCompile>
    <ClCompile Include="Source\Game\GameLight.cpp">
      <Filter>Game</Filter>
    </ClCompile>
    <ClCompile Include="Source\Game\Map\Map.cpp">
      <Filter>Game\Map</Filter>
    </ClCompile>
    <ClCompile Include="Source\Game\Enemy\Spawn\EnemySpawnManager.cpp">
      <Filter>Game\Enemy\Spawn</Filter>
    </ClCompile>
    <ClCompile Include="Source\Game\Enemy\Enemy_01.cpp">
      <Filter>Game\Enemy</Filter>
    </ClCompile>
    <ClCompile Include="Source\Game\Enemy\IEnemy.cpp">
      <Filter>Game\Enemy</Filter>
    </ClCompile>
    <ClCompile Include="Source\Game\Enemy\Spawn\EnemySpawn.cpp">
      <Filter>Game\Enemy\Spawn</Filter>
    </ClCompile>
    <ClCompile Include="Source\Game\Item\ItemDataResource.cpp">
      <Filter>Game\Item</Filter>
    </ClCompile>
    <ClCompile Include="Source\Game\Item\ItemData\WeaponItemData.cpp">
      <Filter>Game\Item\ItemData</Filter>
    </ClCompile>
    <ClCompile Include="Source\Common\SceneEffect\Fade.cpp">
      <Filter>Common\SceneEfferct</Filter>
    </ClCompile>
    <ClCompile Include="Source\Game\Boss\IBoss.cpp">
      <Filter>Game\Boss</Filter>
    </ClCompile>
    <ClCompile Include="Source\Game\Enemy\HFSM\EnemyState_Waiting.cpp">
      <Filter>Game\Enemy\HFSM</Filter>
    </ClCompile>
    <ClCompile Include="Source\Game\Enemy\HFSM\EnemyState_Loitering.cpp">
      <Filter>Game\Enemy\HFSM</Filter>
    </ClCompile>
    <ClCompile Include="Source\Game\Enemy\HFSM\EnemyState_Stand.cpp">
      <Filter>Game\Enemy\HFSM</Filter>
    </ClCompile>
    <ClCompile Include="Source\Game\Boss\Warlock\Boss_Warlock.cpp">
      <Filter>Game\Boss\Warlock</Filter>
    </ClCompile>
    <ClCompile Include="Source\Game\Boss\Warlock\HFSM\WarlockState_Waiting.cpp">
      <Filter>Game\Boss\Warlock\HFSM</Filter>
    </ClCompile>
    <ClCompile Include="Source\Game\Boss\Warlock\HFSM\WarlockState_Death.cpp">
      <Filter>Game\Boss\Warlock\HFSM</Filter>
    </ClCompile>
    <ClCompile Include="Source\Game\Boss\Warlock\HFSM\WarlockState_Combat.cpp">
      <Filter>Game\Boss\Warlock\HFSM</Filter>
    </ClCompile>
    <ClCompile Include="Source\Game\Boss\Warlock\HFSM\WarlockState_Chase.cpp">
      <Filter>Game\Boss\Warlock\HFSM</Filter>
    </ClCompile>
    <ClCompile Include="Source\Game\Boss\Warlock\HFSM\WarlockState_Damage.cpp">
      <Filter>Game\Boss\Warlock\HFSM</Filter>
    </ClCompile>
    <ClCompile Include="Source\Game\Boss\Warlock\HFSM\WarlockState_Stand.cpp">
      <Filter>Game\Boss\Warlock\HFSM</Filter>
    </ClCompile>
    <ClCompile Include="Source\Game\Boss\Warlock\HFSM\WarlockState_Turn.cpp">
      <Filter>Game\Boss\Warlock\HFSM</Filter>
    </ClCompile>
    <ClCompile Include="Source\Game\Boss\Warlock\HFSM\WarlockState_Attack.cpp">
      <Filter>Game\Boss\Warlock\HFSM</Filter>
    </ClCompile>
    <ClCompile Include="Source\Common\SaveData\SaveData.cpp">
      <Filter>Common\SaveData</Filter>
    </ClCompile>
    <ClCompile Include="Source\Title\GUI\TitleSelect\TitleSelect_NewGame.cpp">
      <Filter>Title\GUI\TitleSelect</Filter>
    </ClCompile>
    <ClCompile Include="Source\Title\GUI\TitleSelect\ITitleSelect.cpp">
      <Filter>Title\GUI\TitleSelect</Filter>
    </ClCompile>
    <ClCompile Include="Source\Title\GUI\TitleSelect\TitleSelect_Continue.cpp">
      <Filter>Title\GUI\TitleSelect</Filter>
    </ClCompile>
    <ClCompile Include="Source\Title\GUI\TitleSelect\TitleSelect_Exit.cpp">
      <Filter>Title\GUI\TitleSelect</Filter>
    </ClCompile>
    <ClCompile Include="Source\Title\HUD\TitleName.cpp">
      <Filter>Title\HUD</Filter>
    </ClCompile>
    <ClCompile Include="Source\Title\TitleSystem.cpp">
      <Filter>Title</Filter>
    </ClCompile>
  </ItemGroup>
  <ItemGroup>
    <ClInclude Include="stdafx.h">
      <Filter>Source</Filter>
    </ClInclude>
    <ClInclude Include="Source\Game\GameCamera.h">
      <Filter>Game</Filter>
    </ClInclude>
    <ClInclude Include="Source\Game\GameScene.h">
      <Filter>Game</Filter>
    </ClInclude>
    <ClInclude Include="Source\Title\TitleScene.h">
      <Filter>Title</Filter>
    </ClInclude>
    <ClInclude Include="Source\Game\AnimationEvent\AnimationEventMacro.h">
      <Filter>Game\AnimationEvent</Filter>
    </ClInclude>
    <ClInclude Include="Source\Game\AnimationEvent\AnimationEventController.h">
      <Filter>Game\AnimationEvent</Filter>
    </ClInclude>
    <ClInclude Include="Source\Game\AnimationEvent\CollisionWorld.h">
      <Filter>Game\AnimationEvent</Filter>
    </ClInclude>
    <ClInclude Include="Source\Game\HUD\ExpGage.h">
      <Filter>Game\HUD</Filter>
    </ClInclude>
    <ClInclude Include="Source\Game\HUD\LifeGage.h">
      <Filter>Game\HUD</Filter>
    </ClInclude>
    <ClInclude Include="Source\Game\Map\Ground.h">
      <Filter>Game\Map</Filter>
    </ClInclude>
    <ClInclude Include="Source\Game\Map\MapChip.h">
      <Filter>Game\Map</Filter>
    </ClInclude>
    <ClInclude Include="Source\Game\Map\Skybox.h">
      <Filter>Game\Map</Filter>
    </ClInclude>
    <ClInclude Include="Source\Game\Player\Player.h">
      <Filter>Game\Player</Filter>
    </ClInclude>
    <ClInclude Include="Source\Title\HUD\TitleBack.h">
      <Filter>Title\HUD</Filter>
    </ClInclude>
    <ClInclude Include="Source\Game\Item\ItemData\AccessoryItemData.h">
      <Filter>Game\Item\ItemData</Filter>
    </ClInclude>
    <ClInclude Include="Source\Game\Item\ItemData\ArmorItemData.h">
      <Filter>Game\Item\ItemData</Filter>
    </ClInclude>
    <ClInclude Include="Source\Game\Item\ItemData\IItemData.h">
      <Filter>Game\Item\ItemData</Filter>
    </ClInclude>
    <ClInclude Include="Source\Game\Item\ItemData\ItemType.h">
      <Filter>Game\Item\ItemData</Filter>
    </ClInclude>
    <ClInclude Include="Source\Game\Item\ItemData\ShieldItemData.h">
      <Filter>Game\Item\ItemData</Filter>
    </ClInclude>
    <ClInclude Include="Source\Game\Item\EquipmentItem.h">
      <Filter>Game\Item</Filter>
    </ClInclude>
    <ClInclude Include="Source\Game\Item\InventoryManager.h">
      <Filter>Game\Item</Filter>
    </ClInclude>
    <ClInclude Include="Source\Game\Player\PlayerEquipment.h">
      <Filter>Game\Player</Filter>
    </ClInclude>
    <ClInclude Include="Source\Game\Player\EquipmentShield.h">
      <Filter>Game\Player\Equipment</Filter>
    </ClInclude>
    <ClInclude Include="Source\Game\Player\EquipmentWeapon.h">
      <Filter>Game\Player\Equipment</Filter>
    </ClInclude>
    <ClInclude Include="Source\Game\DropItem\DropItem.h">
      <Filter>Game\DropItem</Filter>
    </ClInclude>
    <ClInclude Include="Source\Game\Window\MenuWindow\IMenuWindow.h">
      <Filter>Game\Window\MenuWindow</Filter>
    </ClInclude>
    <ClInclude Include="Source\Game\Window\MenuWindow\MenuBar.h">
      <Filter>Game\Window\MenuWindow</Filter>
    </ClInclude>
    <ClInclude Include="Source\Game\Window\MenuWindow\MenuSystem.h">
      <Filter>Game\Window\MenuWindow</Filter>
    </ClInclude>
    <ClInclude Include="Source\Game\Window\MenuWindow\Inventory\Inventory.h">
      <Filter>Game\Window\MenuWindow\Inventory</Filter>
    </ClInclude>
    <ClInclude Include="Source\Game\Window\MenuWindow\Inventory\ItemDetailRender.h">
      <Filter>Game\Window\MenuWindow\Inventory</Filter>
    </ClInclude>
    <ClInclude Include="Source\Game\Window\MenuWindow\Inventory\EquipmentDetailRender.h">
      <Filter>Game\Window\MenuWindow\Inventory</Filter>
    </ClInclude>
    <ClInclude Include="Source\Game\DropItem\DropItemManager.h">
      <Filter>Game\DropItem</Filter>
    </ClInclude>
    <ClInclude Include="Source\Game\GameLight.h">
      <Filter>Game</Filter>
    </ClInclude>
    <ClInclude Include="Source\Game\Map\Map.h">
      <Filter>Game\Map</Filter>
    </ClInclude>
    <ClInclude Include="Source\Game\Enemy\Spawn\EnemySpawnManager.h">
      <Filter>Game\Enemy\Spawn</Filter>
    </ClInclude>
    <ClInclude Include="Source\Game\Enemy\Enemy_01.h">
      <Filter>Game\Enemy</Filter>
    </ClInclude>
    <ClInclude Include="Source\Game\Enemy\IEnemy.h">
      <Filter>Game\Enemy</Filter>
    </ClInclude>
    <ClInclude Include="Source\Game\Enemy\Spawn\EnemySpawn.h">
      <Filter>Game\Enemy\Spawn</Filter>
    </ClInclude>
    <ClInclude Include="Source\Game\Item\ItemDataResource.h">
      <Filter>Game\Item</Filter>
    </ClInclude>
    <ClInclude Include="Source\Game\Item\ItemData\WeaponItemData.h">
      <Filter>Game\Item\ItemData</Filter>
    </ClInclude>
    <ClInclude Include="Source\Common\SceneEffect\Fade.h">
      <Filter>Common\SceneEfferct</Filter>
    </ClInclude>
    <ClInclude Include="Source\Game\Boss\IBoss.h">
      <Filter>Game\Boss</Filter>
    </ClInclude>
    <ClInclude Include="Source\Game\Enemy\HFSM\IEnemyState.h">
      <Filter>Game\Enemy\HFSM</Filter>
    </ClInclude>
    <ClInclude Include="Source\Game\Enemy\HFSM\EnemyState_Waiting.h">
      <Filter>Game\Enemy\HFSM</Filter>
    </ClInclude>
    <ClInclude Include="Source\Game\Enemy\HFSM\EnemyState_Loitering.h">
      <Filter>Game\Enemy\HFSM</Filter>
    </ClInclude>
    <ClInclude Include="Source\Game\Enemy\HFSM\EnemyState_Stand.h">
      <Filter>Game\Enemy\HFSM</Filter>
    </ClInclude>
    <ClInclude Include="Source\Game\Boss\Warlock\Boss_Warlock.h">
      <Filter>Game\Boss\Warlock</Filter>
    </ClInclude>
    <ClInclude Include="Source\Game\Boss\Warlock\HFSM\WarlockState_Waiting.h">
      <Filter>Game\Boss\Warlock\HFSM</Filter>
    </ClInclude>
    <ClInclude Include="Source\Game\Boss\Warlock\HFSM\IWarlockState.h">
      <Filter>Game\Boss\Warlock\HFSM</Filter>
    </ClInclude>
    <ClInclude Include="Source\Game\Boss\Warlock\HFSM\WarlockState_Death.h">
      <Filter>Game\Boss\Warlock\HFSM</Filter>
    </ClInclude>
    <ClInclude Include="Source\Game\Boss\Warlock\HFSM\WarlockState_Combat.h">
      <Filter>Game\Boss\Warlock\HFSM</Filter>
    </ClInclude>
    <ClInclude Include="Source\Game\Boss\Warlock\HFSM\WarlockState_Chase.h">
      <Filter>Game\Boss\Warlock\HFSM</Filter>
    </ClInclude>
    <ClInclude Include="Source\Game\Boss\Warlock\HFSM\WarlockState_Damage.h">
      <Filter>Game\Boss\Warlock\HFSM</Filter>
    </ClInclude>
    <ClInclude Include="Source\Game\Boss\Warlock\HFSM\WarlockState_Stand.h">
      <Filter>Game\Boss\Warlock\HFSM</Filter>
    </ClInclude>
    <ClInclude Include="Source\Game\Boss\Warlock\HFSM\WarlockState_Turn.h">
      <Filter>Game\Boss\Warlock\HFSM</Filter>
    </ClInclude>
    <ClInclude Include="Source\Game\Boss\Warlock\HFSM\WarlockState_Attack.h">
      <Filter>Game\Boss\Warlock\HFSM</Filter>
    </ClInclude>
    <ClInclude Include="Source\Common\SaveData\SaveData.h">
      <Filter>Common\SaveData</Filter>
    </ClInclude>
    <ClInclude Include="Source\Title\GUI\TitleSelect\TitleSelect_Continue.h">
      <Filter>Title\GUI\TitleSelect</Filter>
    </ClInclude>
    <ClInclude Include="Source\Title\GUI\TitleSelect\TitleSelect_NewGame.h">
      <Filter>Title\GUI\TitleSelect</Filter>
    </ClInclude>
    <ClInclude Include="Source\Title\GUI\TitleSelect\ITitleSelect.h">
      <Filter>Title\GUI\TitleSelect</Filter>
    </ClInclude>
    <ClInclude Include="Source\Title\GUI\TitleSelect\TitleSelect_Exit.h">
      <Filter>Title\GUI\TitleSelect</Filter>
    </ClInclude>
    <ClInclude Include="Source\Title\HUD\TitleName.h">
      <Filter>Title\HUD</Filter>
    </ClInclude>
    <ClInclude Include="Source\Title\TitleSystem.h">
      <Filter>Title</Filter>
    </ClInclude>
  </ItemGroup>
</Project>