<?xml version="1.0" encoding="utf-8"?>
<Project ToolsVersion="4.0" xmlns="http://schemas.microsoft.com/developer/msbuild/2003">
  <ItemGroup>
    <Filter Include="Source">
      <UniqueIdentifier>{fbf6e37b-65bd-49b3-8770-f9756fdd2765}</UniqueIdentifier>
    </Filter>
    <Filter Include="Game">
      <UniqueIdentifier>{8dd70691-259e-43a7-965f-09a957371155}</UniqueIdentifier>
    </Filter>
    <Filter Include="Game\Map">
      <UniqueIdentifier>{06b70e90-9920-4d31-a103-895c507fa0e8}</UniqueIdentifier>
    </Filter>
    <Filter Include="Game\Boss">
      <UniqueIdentifier>{c579dc89-3dad-4638-9117-f8857ca780a6}</UniqueIdentifier>
    </Filter>
    <Filter Include="Game\Player">
      <UniqueIdentifier>{259fa4cd-3cc5-4427-b482-6c16b8785af6}</UniqueIdentifier>
    </Filter>
    <Filter Include="Game\AnimationEvent">
      <UniqueIdentifier>{00e1ddd0-2d2c-458b-8f50-c33957bef66f}</UniqueIdentifier>
    </Filter>
    <Filter Include="Game\Item">
      <UniqueIdentifier>{f3d5eb1f-998f-41a6-b243-0d1a20ce8497}</UniqueIdentifier>
    </Filter>
    <Filter Include="Game\GUI">
      <UniqueIdentifier>{84cc74a1-ae9d-443d-af64-6c0298353050}</UniqueIdentifier>
    </Filter>
    <Filter Include="Game\Monster">
      <UniqueIdentifier>{f5275407-e648-4b3a-9fc4-a6be56e8eaaf}</UniqueIdentifier>
    </Filter>
    <Filter Include="Title">
      <UniqueIdentifier>{498ed496-1c8b-4051-a989-cf4813dacdee}</UniqueIdentifier>
    </Filter>
    <Filter Include="Title\HUD">
      <UniqueIdentifier>{f8181792-bf8d-47a0-810e-7c3515231c6f}</UniqueIdentifier>
    </Filter>
    <Filter Include="Title\GUI">
      <UniqueIdentifier>{6d816d56-9b7f-4bbb-a020-814e3ce6ec34}</UniqueIdentifier>
    </Filter>
  </ItemGroup>
  <ItemGroup>
    <ClCompile Include="Main.cpp">
      <Filter>Source</Filter>
    </ClCompile>
    <ClCompile Include="stdafx.cpp">
      <Filter>Source</Filter>
    </ClCompile>
    <ClCompile Include="Source\Game\GameScene.cpp">
      <Filter>Game</Filter>
    </ClCompile>
    <ClCompile Include="Source\Game\Player\Player.cpp">
      <Filter>Game\Player</Filter>
    </ClCompile>
    <ClCompile Include="Source\Game\GameCamera.cpp">
      <Filter>Game</Filter>
    </ClCompile>
    <ClCompile Include="Source\Game\Map\Ground.cpp">
      <Filter>Game\Map</Filter>
    </ClCompile>
    <ClCompile Include="Source\Game\Map\Skybox.cpp">
      <Filter>Game\Map</Filter>
    </ClCompile>
    <ClCompile Include="Source\Game\Monster\Monster_01.cpp">
      <Filter>Game\Monster</Filter>
    </ClCompile>
    <ClCompile Include="Source\Game\AnimationEvent\CollisionWorld.cpp">
      <Filter>Game\AnimationEvent</Filter>
    </ClCompile>
    <ClCompile Include="Source\Game\AnimationEvent\AnimationEventController.cpp">
      <Filter>Game\AnimationEvent</Filter>
    </ClCompile>
    <ClCompile Include="Source\Game\Monster\IMonster.cpp">
      <Filter>Game\Monster</Filter>
    </ClCompile>
    <ClCompile Include="Source\Game\Monster\MonsterHabitat.cpp">
      <Filter>Game\Monster</Filter>
    </ClCompile>
    <ClCompile Include="Source\Game\Map\MapChip.cpp">
      <Filter>Game\Map</Filter>
    </ClCompile>
    <ClCompile Include="Source\Game\Item\IItem.cpp">
      <Filter>Game\Item</Filter>
    </ClCompile>
    <ClCompile Include="Source\Game\Item\Other.cpp">
      <Filter>Game\Item</Filter>
    </ClCompile>
    <ClCompile Include="Source\Game\Item\Weapon.cpp">
      <Filter>Game\Item</Filter>
    </ClCompile>
    <ClCompile Include="Source\Game\Item\Armor.cpp">
      <Filter>Game\Item</Filter>
    </ClCompile>
    <ClCompile Include="Source\Game\GUI\LifeGage.cpp">
      <Filter>Game\GUI</Filter>
    </ClCompile>
    <ClCompile Include="Source\Game\GUI\ExpGage.cpp">
      <Filter>Game\GUI</Filter>
    </ClCompile>
    <ClCompile Include="Source\Game\Item\ItemResource.cpp">
      <Filter>Game\Item</Filter>
    </ClCompile>
    <ClCompile Include="Source\Title\TitleScene.cpp">
      <Filter>Title</Filter>
    </ClCompile>
    <ClCompile Include="Source\Title\HUD\TitleBack.cpp">
      <Filter>Title\HUD</Filter>
    </ClCompile>
    <ClCompile Include="Source\Title\GUI\TitleSystem.cpp">
      <Filter>Title\GUI</Filter>
    </ClCompile>
  </ItemGroup>
  <ItemGroup>
    <ClInclude Include="stdafx.h">
      <Filter>Source</Filter>
    </ClInclude>
    <ClInclude Include="Source\Game\GameScene.h">
      <Filter>Game</Filter>
    </ClInclude>
    <ClInclude Include="Source\Game\Player\Player.h">
      <Filter>Game\Player</Filter>
    </ClInclude>
    <ClInclude Include="Source\Game\GameCamera.h">
      <Filter>Game</Filter>
    </ClInclude>
    <ClInclude Include="Source\Game\Map\Ground.h">
      <Filter>Game\Map</Filter>
    </ClInclude>
    <ClInclude Include="Source\Game\Map\Skybox.h">
      <Filter>Game\Map</Filter>
    </ClInclude>
    <ClInclude Include="Source\Game\Monster\Monster_01.h">
      <Filter>Game\Monster</Filter>
    </ClInclude>
    <ClInclude Include="Source\Game\AnimationEvent\CollisionWorld.h">
      <Filter>Game\AnimationEvent</Filter>
    </ClInclude>
    <ClInclude Include="Source\Game\AnimationEvent\AnimationEventController.h">
      <Filter>Game\AnimationEvent</Filter>
    </ClInclude>
    <ClInclude Include="Source\Game\AnimationEvent\AnimationEventMacro.h">
      <Filter>Game\AnimationEvent</Filter>
    </ClInclude>
    <ClInclude Include="Source\Game\Monster\IMonster.h">
      <Filter>Game\Monster</Filter>
    </ClInclude>
    <ClInclude Include="Source\Game\Monster\MonsterHabitat.h">
      <Filter>Game\Monster</Filter>
    </ClInclude>
    <ClInclude Include="Source\Game\Map\MapChip.h">
      <Filter>Game\Map</Filter>
    </ClInclude>
    <ClInclude Include="Source\Game\Item\Armor.h">
      <Filter>Game\Item</Filter>
    </ClInclude>
    <ClInclude Include="Source\Game\Item\IItem.h">
      <Filter>Game\Item</Filter>
    </ClInclude>
    <ClInclude Include="Source\Game\Item\Other.h">
      <Filter>Game\Item</Filter>
    </ClInclude>
    <ClInclude Include="Source\Game\Item\Weapon.h">
      <Filter>Game\Item</Filter>
    </ClInclude>
    <ClInclude Include="Source\Game\GUI\LifeGage.h">
      <Filter>Game\GUI</Filter>
    </ClInclude>
    <ClInclude Include="Source\Game\GUI\ExpGage.h">
      <Filter>Game\GUI</Filter>
    </ClInclude>
    <ClInclude Include="Source\Game\Item\ItemResource.h">
      <Filter>Game\Item</Filter>
    </ClInclude>
    <ClInclude Include="Source\Title\TitleScene.h">
      <Filter>Title</Filter>
    </ClInclude>
    <ClInclude Include="Source\Title\HUD\TitleBack.h">
      <Filter>Title\HUD</Filter>
    </ClInclude>
    <ClInclude Include="Source\Title\GUI\TitleSystem.h">
      <Filter>Title\GUI</Filter>
    </ClInclude>
  </ItemGroup>
</Project>