<?xml version="1.0" encoding="utf-8"?>
<Project ToolsVersion="4.0" xmlns="http://schemas.microsoft.com/developer/msbuild/2003">
  <ItemGroup>
    <Filter Include="Source">
      <UniqueIdentifier>{51552a67-f04b-431a-b56c-3c175ccd1ca0}</UniqueIdentifier>
    </Filter>
    <Filter Include="Graphics">
      <UniqueIdentifier>{dad0e502-0bab-434f-b68d-176c9dd57b36}</UniqueIdentifier>
    </Filter>
    <Filter Include="GameObject">
      <UniqueIdentifier>{62f38837-f2b8-4852-8b46-adbeef9b05c4}</UniqueIdentifier>
    </Filter>
    <Filter Include="Graphics\ModelRender">
      <UniqueIdentifier>{eb31b30e-ab18-4ecc-bec0-c99f34f8f78e}</UniqueIdentifier>
    </Filter>
    <Filter Include="Component">
      <UniqueIdentifier>{8f348ce0-094a-4018-ab04-8e3c34ebe489}</UniqueIdentifier>
    </Filter>
    <Filter Include="Math">
      <UniqueIdentifier>{1bf93946-df91-45a3-b071-b6adc0930f28}</UniqueIdentifier>
    </Filter>
    <Filter Include="Input">
      <UniqueIdentifier>{63b19cb6-a28d-4a0d-bc90-500d7213a20f}</UniqueIdentifier>
    </Filter>
    <Filter Include="Graphics\PostEffect">
      <UniqueIdentifier>{6489dc6b-31e5-4e3e-af9b-a758284cb0b3}</UniqueIdentifier>
    </Filter>
    <Filter Include="Physics">
      <UniqueIdentifier>{4533291b-7636-4341-9361-4b917e62dbb6}</UniqueIdentifier>
    </Filter>
    <Filter Include="Timer">
      <UniqueIdentifier>{905807cc-ebd5-4aa0-9831-1cd4e65ba4b2}</UniqueIdentifier>
    </Filter>
    <Filter Include="Graphics\Particle">
      <UniqueIdentifier>{879c7de2-9b92-4215-bf2a-8b48ff63c56e}</UniqueIdentifier>
    </Filter>
    <Filter Include="Graphics\UI">
      <UniqueIdentifier>{87509d2d-b699-44ae-a9e9-fbbe5270094b}</UniqueIdentifier>
    </Filter>
    <Filter Include="Resources">
      <UniqueIdentifier>{f7dffd69-f16c-4727-a281-50b3f62593e3}</UniqueIdentifier>
    </Filter>
    <Filter Include="Scene">
      <UniqueIdentifier>{96decccf-cfb7-4d69-8a9e-90361b1e1ccf}</UniqueIdentifier>
    </Filter>
    <Filter Include="Graphics\PreRender">
      <UniqueIdentifier>{2af43d90-50b3-44e0-8d21-eaecdc06871a}</UniqueIdentifier>
    </Filter>
    <Filter Include="DataLoad">
      <UniqueIdentifier>{a7c38f2c-911d-488f-8146-1b2e0ef0eb24}</UniqueIdentifier>
    </Filter>
    <Filter Include="Graphics\2DObject">
      <UniqueIdentifier>{67199141-0cbf-4f84-9828-a8c5a95e0bed}</UniqueIdentifier>
    </Filter>
    <Filter Include="Graphics\Buffer">
      <UniqueIdentifier>{46e14734-dad9-4f9c-b4fc-e3746743d7cf}</UniqueIdentifier>
    </Filter>
    <Filter Include="Debug">
      <UniqueIdentifier>{bb1c3770-8a38-47b0-81fa-c9f7408ebccb}</UniqueIdentifier>
    </Filter>
    <Filter Include="Sound">
      <UniqueIdentifier>{82e47fd3-eac7-4125-b71f-20aedb54d1ed}</UniqueIdentifier>
    </Filter>
    <Filter Include="Graphics\Shape">
      <UniqueIdentifier>{d635dbe0-fe75-4a53-97db-efa2bda66d52}</UniqueIdentifier>
    </Filter>
    <Filter Include="Graphics\Effect">
      <UniqueIdentifier>{c9bc3f75-705a-4ebe-bb1f-e905f82b87f2}</UniqueIdentifier>
    </Filter>
    <Filter Include="Policy">
      <UniqueIdentifier>{f5f1f465-1688-41d3-8a46-b8542335c857}</UniqueIdentifier>
    </Filter>
  </ItemGroup>
  <ItemGroup>
    <ClCompile Include="nkEngine.cpp">
      <Filter>Source</Filter>
    </ClCompile>
    <ClCompile Include="nkstdafx.cpp">
      <Filter>Source</Filter>
    </ClCompile>
    <ClCompile Include="_Graphics\nkRenderTarget.cpp">
      <Filter>Graphics</Filter>
    </ClCompile>
    <ClCompile Include="_Graphics\nkTexture.cpp">
      <Filter>Graphics</Filter>
    </ClCompile>
    <ClCompile Include="_Graphics\nkCamera.cpp">
      <Filter>Graphics</Filter>
    </ClCompile>
    <ClCompile Include="_Component\nkTransform.cpp">
      <Filter>Component</Filter>
    </ClCompile>
    <ClCompile Include="_Input\nkInput.cpp">
      <Filter>Input</Filter>
    </ClCompile>
    <ClCompile Include="_Input\nkXinput.cpp">
      <Filter>Input</Filter>
    </ClCompile>
    <ClCompile Include="_Component\nkCharacterController.cpp">
      <Filter>Component</Filter>
    </ClCompile>
    <ClCompile Include="_Graphics\nkPrimitive.cpp">
      <Filter>Graphics</Filter>
    </ClCompile>
    <ClCompile Include="_Resources\nkSkinModelDataHandle.cpp">
      <Filter>Resources</Filter>
    </ClCompile>
    <ClCompile Include="_Resources\nkSkinModelDataResources.cpp">
      <Filter>Resources</Filter>
    </ClCompile>
    <ClCompile Include="_GameObject\nkGameObjectManager.cpp">
      <Filter>GameObject</Filter>
    </ClCompile>
    <ClCompile Include="_Graphics\nkScreenRender.cpp">
      <Filter>Graphics</Filter>
    </ClCompile>
    <ClCompile Include="_Graphics\_PostEffect\nkAntiAliasing.cpp">
      <Filter>Graphics\PostEffect</Filter>
    </ClCompile>
    <ClCompile Include="_Graphics\_PostEffect\nkBloom.cpp">
      <Filter>Graphics\PostEffect</Filter>
    </ClCompile>
    <ClCompile Include="_Graphics\_PreRender\nkShadow.cpp">
      <Filter>Graphics\PreRender</Filter>
    </ClCompile>
    <ClCompile Include="_Graphics\_UI\nkImage.cpp">
      <Filter>Graphics\UI</Filter>
    </ClCompile>
    <ClCompile Include="_Graphics\_Particle\nkParticle.cpp">
      <Filter>Graphics\Particle</Filter>
    </ClCompile>
    <ClCompile Include="_Graphics\_Particle\nkParticleEmitter.cpp">
      <Filter>Graphics\Particle</Filter>
    </ClCompile>
    <ClCompile Include="_Graphics\_ModelRender\nkAnimation.cpp">
      <Filter>Graphics\ModelRender</Filter>
    </ClCompile>
    <ClCompile Include="_Graphics\_ModelRender\nkLight.cpp">
      <Filter>Graphics\ModelRender</Filter>
    </ClCompile>
    <ClCompile Include="_Graphics\_ModelRender\nkSkinModelData.cpp">
      <Filter>Graphics\ModelRender</Filter>
    </ClCompile>
    <ClCompile Include="_Graphics\_ModelRender\nkModelRender.cpp">
      <Filter>Graphics\ModelRender</Filter>
    </ClCompile>
    <ClCompile Include="_Component\nkRectTransform.cpp">
      <Filter>Component</Filter>
    </ClCompile>
    <ClCompile Include="_Math\nkVector.cpp">
      <Filter>Math</Filter>
    </ClCompile>
    <ClCompile Include="_Graphics\_2DObject\nkSprite.cpp">
      <Filter>Graphics\2DObject</Filter>
    </ClCompile>
    <ClCompile Include="_Physics\nkBoxCollider.cpp">
      <Filter>Physics</Filter>
    </ClCompile>
    <ClCompile Include="_Physics\nkCapsuleCollider.cpp">
      <Filter>Physics</Filter>
    </ClCompile>
    <ClCompile Include="_Physics\nkMeshCollider.cpp">
      <Filter>Physics</Filter>
    </ClCompile>
    <ClCompile Include="_Physics\nkPhysics.cpp">
      <Filter>Physics</Filter>
    </ClCompile>
    <ClCompile Include="_Physics\nkRigidBody.cpp">
      <Filter>Physics</Filter>
    </ClCompile>
    <ClCompile Include="_Physics\nkSphereCollider.cpp">
      <Filter>Physics</Filter>
    </ClCompile>
    <ClCompile Include="_Graphics\_PostEffect\nkPostEffect.cpp">
      <Filter>Graphics\PostEffect</Filter>
    </ClCompile>
    <ClCompile Include="_Graphics\_PostEffect\nkBlur.cpp">
      <Filter>Graphics\PostEffect</Filter>
    </ClCompile>
    <ClCompile Include="_Sound\nkWaveFile.cpp">
      <Filter>Sound</Filter>
    </ClCompile>
    <ClCompile Include="_Resources\nkTextureResources.cpp">
      <Filter>Resources</Filter>
    </ClCompile>
    <ClCompile Include="_Graphics\_Buffer\nkIndexBuffer.cpp">
      <Filter>Graphics\Buffer</Filter>
    </ClCompile>
    <ClCompile Include="_Graphics\_Buffer\nkVertexBuffer.cpp">
      <Filter>Graphics\Buffer</Filter>
    </ClCompile>
    <ClCompile Include="_Graphics\_Shape\nkShape.cpp">
      <Filter>Graphics\Shape</Filter>
    </ClCompile>
    <ClCompile Include="_Graphics\_Shape\nkSphereShape.cpp">
      <Filter>Graphics\Shape</Filter>
    </ClCompile>
    <ClCompile Include="_Graphics\_Effect\nkEffectManager.cpp">
      <Filter>Graphics\Effect</Filter>
    </ClCompile>
    <ClCompile Include="_Graphics\_UI\nkText.cpp">
      <Filter>Graphics\UI</Filter>
    </ClCompile>
    <ClCompile Include="_Sound\nkSoundSource.cpp">
      <Filter>Sound</Filter>
    </ClCompile>
    <ClCompile Include="_Sound\nkWaveFileBank.cpp">
      <Filter>Sound</Filter>
    </ClCompile>
    <ClCompile Include="_Sound\nkSoundEngine.cpp">
      <Filter>Sound</Filter>
    </ClCompile>
    <ClCompile Include="_Component\nkCameraCollision.cpp">
      <Filter>Component</Filter>
    </ClCompile>
    <ClCompile Include="_Math\nkMatrix.cpp">
      <Filter>Math</Filter>
    </ClCompile>
  </ItemGroup>
  <ItemGroup>
    <ClInclude Include="nkEngine.h">
      <Filter>Source</Filter>
    </ClInclude>
    <ClInclude Include="nkstdafx.h">
      <Filter>Source</Filter>
    </ClInclude>
    <ClInclude Include="_Graphics\nkRenderTarget.h">
      <Filter>Graphics</Filter>
    </ClInclude>
    <ClInclude Include="_Graphics\nkTexture.h">
      <Filter>Graphics</Filter>
    </ClInclude>
    <ClInclude Include="_GameObject\nkGameObject.h">
      <Filter>GameObject</Filter>
    </ClInclude>
    <ClInclude Include="nkOriginalDefine.h">
      <Filter>Source</Filter>
    </ClInclude>
    <ClInclude Include="_Graphics\nkCamera.h">
      <Filter>Graphics</Filter>
    </ClInclude>
    <ClInclude Include="_Math\nkHash.h">
      <Filter>Math</Filter>
    </ClInclude>
    <ClInclude Include="_Component\nkTransform.h">
      <Filter>Component</Filter>
    </ClInclude>
    <ClInclude Include="_Input\nkInput.h">
      <Filter>Input</Filter>
    </ClInclude>
    <ClInclude Include="_Input\nkXinput.h">
      <Filter>Input</Filter>
    </ClInclude>
    <ClInclude Include="_Graphics\nkGraphicsConfig.h">
      <Filter>Graphics</Filter>
    </ClInclude>
    <ClInclude Include="_Component\nkCharacterController.h">
      <Filter>Component</Filter>
    </ClInclude>
    <ClInclude Include="_Timer\nkStopwatch.h">
      <Filter>Timer</Filter>
    </ClInclude>
    <ClInclude Include="_Timer\nkTime.h">
      <Filter>Timer</Filter>
    </ClInclude>
    <ClInclude Include="_Math\nkRandom.h">
      <Filter>Math</Filter>
    </ClInclude>
    <ClInclude Include="_Graphics\nkPrimitive.h">
      <Filter>Graphics</Filter>
    </ClInclude>
    <ClInclude Include="_Resources\nkSkinModelDataHandle.h">
      <Filter>Resources</Filter>
    </ClInclude>
    <ClInclude Include="_Resources\nkSkinModelDataResources.h">
      <Filter>Resources</Filter>
    </ClInclude>
    <ClInclude Include="_GameObject\nkGameObjectManager.h">
      <Filter>GameObject</Filter>
    </ClInclude>
    <ClInclude Include="_Graphics\nkScreenRender.h">
      <Filter>Graphics</Filter>
    </ClInclude>
    <ClInclude Include="_Scene\nkScene.h">
      <Filter>Scene</Filter>
    </ClInclude>
    <ClInclude Include="_Scene\nkSceneManager.h">
      <Filter>Scene</Filter>
    </ClInclude>
    <ClInclude Include="_Graphics\_PostEffect\nkAntiAliasing.h">
      <Filter>Graphics\PostEffect</Filter>
    </ClInclude>
    <ClInclude Include="_Graphics\_PostEffect\nkBloom.h">
      <Filter>Graphics\PostEffect</Filter>
    </ClInclude>
    <ClInclude Include="_Graphics\_PreRender\nkShadow.h">
      <Filter>Graphics\PreRender</Filter>
    </ClInclude>
    <ClInclude Include="_Graphics\_UI\nkImage.h">
      <Filter>Graphics\UI</Filter>
    </ClInclude>
    <ClInclude Include="_Graphics\_Particle\nkParticle.h">
      <Filter>Graphics\Particle</Filter>
    </ClInclude>
    <ClInclude Include="_Graphics\_Particle\nkParticleEmitter.h">
      <Filter>Graphics\Particle</Filter>
    </ClInclude>
    <ClInclude Include="_Graphics\_ModelRender\nkAnimation.h">
      <Filter>Graphics\ModelRender</Filter>
    </ClInclude>
    <ClInclude Include="_Graphics\_ModelRender\nkLight.h">
      <Filter>Graphics\ModelRender</Filter>
    </ClInclude>
    <ClInclude Include="_Graphics\_ModelRender\nkSkinModelData.h">
      <Filter>Graphics\ModelRender</Filter>
    </ClInclude>
    <ClInclude Include="_Graphics\_ModelRender\nkModelRender.h">
      <Filter>Graphics\ModelRender</Filter>
    </ClInclude>
    <ClInclude Include="_Component\nkRectTransform.h">
      <Filter>Component</Filter>
    </ClInclude>
    <ClInclude Include="_Math\nkVector.h">
      <Filter>Math</Filter>
    </ClInclude>
    <ClInclude Include="_DataLoad\nkCSVData.h">
      <Filter>DataLoad</Filter>
    </ClInclude>
    <ClInclude Include="_Graphics\_2DObject\nkSprite.h">
      <Filter>Graphics\2DObject</Filter>
    </ClInclude>
    <ClInclude Include="_Physics\nkBoxCollider.h">
      <Filter>Physics</Filter>
    </ClInclude>
    <ClInclude Include="_Physics\nkCapsuleCollider.h">
      <Filter>Physics</Filter>
    </ClInclude>
    <ClInclude Include="_Physics\nkCollider.h">
      <Filter>Physics</Filter>
    </ClInclude>
    <ClInclude Include="_Physics\nkCollisionAttr.h">
      <Filter>Physics</Filter>
    </ClInclude>
    <ClInclude Include="_Physics\nkMeshCollider.h">
      <Filter>Physics</Filter>
    </ClInclude>
    <ClInclude Include="_Physics\nkPhysics.h">
      <Filter>Physics</Filter>
    </ClInclude>
    <ClInclude Include="_Physics\nkRigidBody.h">
      <Filter>Physics</Filter>
    </ClInclude>
    <ClInclude Include="_Physics\nkSphereCollider.h">
      <Filter>Physics</Filter>
    </ClInclude>
    <ClInclude Include="_Debug\nkAssert.h">
      <Filter>Debug</Filter>
    </ClInclude>
    <ClInclude Include="_Debug\nkLog.h">
      <Filter>Debug</Filter>
    </ClInclude>
    <ClInclude Include="_Graphics\_PostEffect\nkPostEffect.h">
      <Filter>Graphics\PostEffect</Filter>
    </ClInclude>
    <ClInclude Include="_Graphics\_PostEffect\nkBlur.h">
      <Filter>Graphics\PostEffect</Filter>
    </ClInclude>
    <ClInclude Include="_Sound\nkWaveFile.h">
      <Filter>Sound</Filter>
    </ClInclude>
    <ClInclude Include="_Resources\nkTextureResources.h">
      <Filter>Resources</Filter>
    </ClInclude>
    <ClInclude Include="_Graphics\_Buffer\nkIndexBuffer.h">
      <Filter>Graphics\Buffer</Filter>
    </ClInclude>
    <ClInclude Include="_Graphics\_Buffer\nkVertexBuffer.h">
      <Filter>Graphics\Buffer</Filter>
    </ClInclude>
    <ClInclude Include="_Graphics\_Shape\nkShape.h">
      <Filter>Graphics\Shape</Filter>
    </ClInclude>
    <ClInclude Include="_Graphics\_Shape\nkShapeVertex.h">
      <Filter>Graphics\Shape</Filter>
    </ClInclude>
    <ClInclude Include="_Graphics\_Shape\nkSphereSharpe.h">
      <Filter>Graphics\Shape</Filter>
    </ClInclude>
    <ClInclude Include="_Graphics\_Effect\nkEffectManager.h">
      <Filter>Graphics\Effect</Filter>
    </ClInclude>
    <ClInclude Include="_Graphics\_Effect\nkEffect.h">
      <Filter>Graphics\Effect</Filter>
    </ClInclude>
    <ClInclude Include="_Graphics\_UI\nkText.h">
      <Filter>Graphics\UI</Filter>
    </ClInclude>
    <ClInclude Include="_Sound\nkSoundSource.h">
      <Filter>Sound</Filter>
    </ClInclude>
    <ClInclude Include="_Sound\nkWaveFileBank.h">
      <Filter>Sound</Filter>
    </ClInclude>
    <ClInclude Include="_Sound\nkSoundEngine.h">
      <Filter>Sound</Filter>
    </ClInclude>
    <ClInclude Include="_Component\nkCameraCollision.h">
      <Filter>Component</Filter>
    </ClInclude>
    <ClInclude Include="_Policy\nkNoncopyable.h">
      <Filter>Policy</Filter>
    </ClInclude>
    <ClInclude Include="_Math\nkMatrix.h">
      <Filter>Math</Filter>
    </ClInclude>
  </ItemGroup>
</Project>