<?xml version="1.0" encoding="utf-8"?>
<Project ToolsVersion="4.0" xmlns="http://schemas.microsoft.com/developer/msbuild/2003">
  <ItemGroup>
    <Filter Include="Source">
      <UniqueIdentifier>{6037755b-52bb-4a3c-99b3-db6b39f96db4}</UniqueIdentifier>
    </Filter>
    <Filter Include="Title">
      <UniqueIdentifier>{4dc5907d-b35a-4351-9696-fbb153bde71d}</UniqueIdentifier>
    </Filter>
    <Filter Include="Title\GUI">
      <UniqueIdentifier>{72015f51-ea27-48e5-a3f3-c33b778a4938}</UniqueIdentifier>
    </Filter>
    <Filter Include="Title\HUD">
      <UniqueIdentifier>{c350b934-c3bc-4cf6-89b3-30e4b5878756}</UniqueIdentifier>
    </Filter>
    <Filter Include="Title\UnityChan">
      <UniqueIdentifier>{236666b8-d6c6-463e-bb1a-8c06cef3ebdd}</UniqueIdentifier>
    </Filter>
  </ItemGroup>
  <ItemGroup>
    <ClCompile Include="Main.cpp">
      <Filter>Source</Filter>
    </ClCompile>
    <ClCompile Include="stdafx.cpp">
      <Filter>Source</Filter>
    </ClCompile>
    <ClCompile Include="Source\Title\TitleScene.cpp">
      <Filter>Title</Filter>
    </ClCompile>
    <ClCompile Include="Source\Title\TitleSystem.cpp">
      <Filter>Title</Filter>
    </ClCompile>
    <ClCompile Include="Source\Title\TitleCamera.cpp">
      <Filter>Title</Filter>
    </ClCompile>
    <ClCompile Include="Source\Title\TitleUnitychan.cpp">
      <Filter>Title\UnityChan</Filter>
    </ClCompile>
    <ClCompile Include="Source\Title\HUD\TitleBack.cpp">
      <Filter>Title\HUD</Filter>
    </ClCompile>
    <ClCompile Include="Source\Title\GUI\TitleContinue.cpp">
      <Filter>Title\GUI</Filter>
    </ClCompile>
    <ClCompile Include="Source\Title\GUI\TitleStart.cpp">
      <Filter>Title\GUI</Filter>
    </ClCompile>
  </ItemGroup>
  <ItemGroup>
    <ClInclude Include="stdafx.h">
      <Filter>Source</Filter>
    </ClInclude>
    <ClInclude Include="Source\Title\TitleScene.h">
      <Filter>Title</Filter>
    </ClInclude>
    <ClInclude Include="Source\Title\TitleCamera.h">
      <Filter>Title</Filter>
    </ClInclude>
    <ClInclude Include="Source\Title\TitleSystem.h">
      <Filter>Title</Filter>
    </ClInclude>
    <ClInclude Include="Source\Title\TitleUnitychan.h">
      <Filter>Title\UnityChan</Filter>
    </ClInclude>
    <ClInclude Include="Source\Title\HUD\TitleBack.h">
      <Filter>Title\HUD</Filter>
    </ClInclude>
    <ClInclude Include="Source\Title\GUI\TitleContinue.h">
      <Filter>Title\GUI</Filter>
    </ClInclude>
    <ClInclude Include="Source\Title\GUI\TitleStart.h">
      <Filter>Title\GUI</Filter>
    </ClInclude>
  </ItemGroup>
</Project>